<?xml version="1.0" encoding="utf-8"?>
<Project ToolsVersion="4.0" xmlns:atg="http://atg.xbox.com" xmlns="http://schemas.microsoft.com/developer/msbuild/2003">
  <ItemGroup>
    <Filter Include="DXUT">
      <UniqueIdentifier>{a43c5c25-0e86-4a20-b64a-883785ff74fd}</UniqueIdentifier>
    </Filter>
    <Filter Include="Shaders">
      <UniqueIdentifier>{2c3d4c8c-5d1a-459a-a05a-a4e4b608a44e}</UniqueIdentifier>
      <Extensions>fx;fxh;hlsl</Extensions>
    </Filter>
    <Filter Include="Include">
      <UniqueIdentifier>{9525f110-848f-4968-92cf-8f8ed297368f}</UniqueIdentifier>
    </Filter>
    <Filter Include="Source">
      <UniqueIdentifier>{1ec7c310-3cf8-437b-87ab-abaeb1542d06}</UniqueIdentifier>
    </Filter>
    <Filter Include="Include\Patterns">
      <UniqueIdentifier>{cdbcac08-cb87-4b5c-81e0-cbed87aedb3c}</UniqueIdentifier>
    </Filter>
    <Filter Include="Imgui">
      <UniqueIdentifier>{f9c049d3-7e7c-4734-a81d-587d8eb14381}</UniqueIdentifier>
    </Filter>
    <Filter Include="Imgui\Source">
      <UniqueIdentifier>{2637a3b0-310b-4ded-839a-70e9e7a87e0b}</UniqueIdentifier>
    </Filter>
    <Filter Include="Imgui\Include">
      <UniqueIdentifier>{387a685e-2954-41c5-87cd-d420b570bf35}</UniqueIdentifier>
    </Filter>
    <Filter Include="Include\ECS">
      <UniqueIdentifier>{47941521-ba67-4bb7-a926-f9d7bd6d36d6}</UniqueIdentifier>
    </Filter>
    <Filter Include="Include\EngineUtilities">
      <UniqueIdentifier>{ea487e09-1920-4d69-8197-69102a460cd8}</UniqueIdentifier>
    </Filter>
    <Filter Include="Include\EngineUtilities\Matrix">
      <UniqueIdentifier>{8ec883b6-d3ae-430a-9e88-b9b5a61bd9f7}</UniqueIdentifier>
    </Filter>
    <Filter Include="Include\EngineUtilities\Memory">
      <UniqueIdentifier>{52335bf1-a774-4fa8-b7fa-6be50791202c}</UniqueIdentifier>
    </Filter>
    <Filter Include="Include\EngineUtilities\Structures">
      <UniqueIdentifier>{62e40343-9c37-4a71-9ca5-d20747f63674}</UniqueIdentifier>
    </Filter>
    <Filter Include="Include\EngineUtilities\Utilities">
      <UniqueIdentifier>{2ceb8926-b035-4649-8622-cbdb04aaa7ac}</UniqueIdentifier>
    </Filter>
    <Filter Include="Include\EngineUtilities\Vectors">
      <UniqueIdentifier>{14bd614f-3fd8-4ca3-b80c-662507078b35}</UniqueIdentifier>
    </Filter>
    <Filter Include="Shaders\Resource Files">
      <UniqueIdentifier>{8e114980-c1a3-4ada-ad7c-83caadf5daeb}</UniqueIdentifier>
      <Extensions>rc;ico;cur;bmp;dlg;rc2;rct;bin;rgs;gif;jpg;jpeg;jpe</Extensions>
    </Filter>
    <Filter Include="Source\ECS">
      <UniqueIdentifier>{4eb2a8cc-e5ac-44d6-bcf9-00e422c93694}</UniqueIdentifier>
    </Filter>
  </ItemGroup>
  <ItemGroup>
    <ClCompile Include="TreekoEngine.cpp">
      <Filter>Source</Filter>
    </ClCompile>
    <ClCompile Include="Source\Window.cpp">
      <Filter>Source</Filter>
    </ClCompile>
    <ClCompile Include="Source\Texture.cpp">
      <Filter>Source</Filter>
    </ClCompile>
    <ClCompile Include="Source\SwapChain.cpp">
      <Filter>Source</Filter>
    </ClCompile>
    <ClCompile Include="Source\RenderTargetView.cpp">
      <Filter>Source</Filter>
    </ClCompile>
    <ClCompile Include="Source\DeviceContext.cpp">
      <Filter>Source</Filter>
    </ClCompile>
    <ClCompile Include="Source\Device.cpp">
      <Filter>Source</Filter>
    </ClCompile>
    <ClCompile Include="Source\DepthStencilView.cpp">
      <Filter>Source</Filter>
    </ClCompile>
    <ClCompile Include="Source\Viewport.cpp">
      <Filter>Source</Filter>
    </ClCompile>
    <ClCompile Include="Source\BaseApp.cpp">
      <Filter>Source</Filter>
    </ClCompile>
    <ClCompile Include="Source\Buffer.cpp">
      <Filter>Source</Filter>
    </ClCompile>
    <ClCompile Include="Source\InputLayout.cpp">
      <Filter>Source</Filter>
    </ClCompile>
    <ClCompile Include="Source\SamplerState.cpp">
      <Filter>Source</Filter>
    </ClCompile>
    <ClCompile Include="Source\ShaderProgram.cpp">
      <Filter>Source</Filter>
    </ClCompile>
    <ClCompile Include="Source\ModelLoader.cpp">
      <Filter>Source</Filter>
    </ClCompile>
    <ClCompile Include="Source\Model3D.cpp">
      <Filter>Source</Filter>
    </ClCompile>
    <ClCompile Include="..\..\Imgui\imgui-docking\imgui-docking\imgui.cpp">
      <Filter>Imgui\Source</Filter>
    </ClCompile>
    <ClCompile Include="..\..\Imgui\imgui-docking\imgui-docking\imgui_demo.cpp">
      <Filter>Imgui\Source</Filter>
    </ClCompile>
    <ClCompile Include="..\..\Imgui\imgui-docking\imgui-docking\backends\imgui_impl_dx11.cpp">
      <Filter>Imgui\Source</Filter>
    </ClCompile>
    <ClCompile Include="..\..\Imgui\imgui-docking\imgui-docking\backends\imgui_impl_win32.cpp">
      <Filter>Imgui\Source</Filter>
    </ClCompile>
    <ClCompile Include="..\..\Imgui\imgui-docking\imgui-docking\imgui_tables.cpp">
      <Filter>Imgui\Source</Filter>
    </ClCompile>
    <ClCompile Include="..\..\Imgui\imgui-docking\imgui-docking\imgui_widgets.cpp">
      <Filter>Imgui\Source</Filter>
    </ClCompile>
    <ClCompile Include="..\..\Imgui\imgui-docking\imgui-docking\imgui_draw.cpp">
      <Filter>Imgui\Source</Filter>
    </ClCompile>
    <ClCompile Include="Source\UserInterface.cpp">
      <Filter>Source</Filter>
    </ClCompile>
    <ClCompile Include="Source\ECS\Actor.cpp">
      <Filter>Source\ECS</Filter>
    </ClCompile>
  </ItemGroup>
  <ItemGroup>
    <None Include="TreekoEngine.fx">
      <Filter>Shaders</Filter>
    </None>
  </ItemGroup>
  <ItemGroup>
    <ResourceCompile Include="TreekoEngine.rc">
      <Filter>Shaders\Resource Files</Filter>
    </ResourceCompile>
    <ClInclude Include="include\Window.h">
      <Filter>Include</Filter>
    </ClInclude>
    <ClInclude Include="include\Prerequisites.h">
      <Filter>Include</Filter>
    </ClInclude>
    <ClInclude Include="include\RenderTargetView.h">
      <Filter>Include</Filter>
    </ClInclude>
    <ClInclude Include="include\DeviceContext.h">
      <Filter>Include</Filter>
    </ClInclude>
    <ClInclude Include="include\DepthStencilView.h">
      <Filter>Include</Filter>
    </ClInclude>
    <ClInclude Include="include\Device.h">
      <Filter>Include</Filter>
    </ClInclude>
    <ClInclude Include="include\Texture.h">
      <Filter>Include</Filter>
    </ClInclude>
    <ClInclude Include="include\SwapChain.h">
      <Filter>Include</Filter>
    </ClInclude>
    <ClInclude Include="include\Viewport.h">
      <Filter>Include</Filter>
    </ClInclude>
    <ClInclude Include="include\InputLayout.h">
      <Filter>Include</Filter>
    </ClInclude>
    <ClInclude Include="include\BaseApp.h">
      <Filter>Include</Filter>
    </ClInclude>
    <ClInclude Include="include\MeshComponent.h">
      <Filter>Include</Filter>
    </ClInclude>
    <ClInclude Include="include\SamplerState.h">
      <Filter>Include</Filter>
    </ClInclude>
    <ClInclude Include="include\ShaderProgram.h">
      <Filter>Include</Filter>
    </ClInclude>
  </ItemGroup>
  <ItemGroup>
    <ClInclude Include="include\Model3D.h">
      <Filter>Include</Filter>
    </ClInclude>
    <ClInclude Include="resource.h">
      <Filter>Shaders\Resource Files</Filter>
    </ClInclude>
    <ClInclude Include="include\stb_image.h">
      <Filter>Include</Filter>
    </ClInclude>
    <ClInclude Include="include\IResource.h">
      <Filter>Include\Patterns</Filter>
    </ClInclude>
    <ClInclude Include="include\ResourceManager.h">
      <Filter>Include</Filter>
    </ClInclude>
    <ClInclude Include="..\..\Imgui\imgui-docking\imgui-docking\backends\imgui_impl_dx11.h">
      <Filter>Imgui\Source</Filter>
    </ClInclude>
    <ClInclude Include="..\..\Imgui\imgui-docking\imgui-docking\backends\imgui_impl_win32.h">
      <Filter>Imgui\Source</Filter>
    </ClInclude>
    <ClInclude Include="..\..\Imgui\imgui-docking\imgui-docking\imconfig.h">
      <Filter>Imgui\Include</Filter>
    </ClInclude>
    <ClInclude Include="..\..\Imgui\imgui-docking\imgui-docking\imgui.h">
      <Filter>Imgui\Include</Filter>
    </ClInclude>
    <ClInclude Include="..\..\Imgui\imgui-docking\imgui-docking\imgui_internal.h">
      <Filter>Imgui\Include</Filter>
    </ClInclude>
    <ClInclude Include="..\..\Imgui\imgui-docking\imgui-docking\imstb_rectpack.h">
      <Filter>Imgui\Include</Filter>
    </ClInclude>
    <ClInclude Include="..\..\Imgui\imgui-docking\imgui-docking\imstb_textedit.h">
      <Filter>Imgui\Include</Filter>
    </ClInclude>
    <ClInclude Include="..\..\Imgui\imgui-docking\imgui-docking\imstb_truetype.h">
      <Filter>Imgui\Include</Filter>
    </ClInclude>
    <ClInclude Include="include\UserInterface.h">
      <Filter>Include</Filter>
    </ClInclude>
    <ClInclude Include="include\ECS\Component.h">
      <Filter>Include\ECS</Filter>
    </ClInclude>
    <ClInclude Include="include\ECS\Entity.h">
      <Filter>Include\ECS</Filter>
    </ClInclude>
    <ClInclude Include="include\ECS\Actor.h">
      <Filter>Include\ECS</Filter>
    </ClInclude>
    <ClInclude Include="include\ECS\Transform.h">
      <Filter>Include\ECS</Filter>
    </ClInclude>
    <ClInclude Include="include\EngineUtilities\Marix\Matrix2x2.h">
      <Filter>Include\EngineUtilities\Matrix</Filter>
    </ClInclude>
    <ClInclude Include="include\EngineUtilities\Marix\Matrix3x3.h">
      <Filter>Include\EngineUtilities\Matrix</Filter>
    </ClInclude>
    <ClInclude Include="include\EngineUtilities\Marix\Matrix4x4.h">
      <Filter>Include\EngineUtilities\Matrix</Filter>
    </ClInclude>
    <ClInclude Include="include\EngineUtilities\Memory\TSharedPointer.h">
      <Filter>Include\EngineUtilities\Memory</Filter>
    </ClInclude>
    <ClInclude Include="include\EngineUtilities\Memory\TStaticPtr.h">
      <Filter>Include\EngineUtilities\Memory</Filter>
    </ClInclude>
    <ClInclude Include="include\EngineUtilities\Memory\TUniquePtr.h">
      <Filter>Include\EngineUtilities\Memory</Filter>
    </ClInclude>
    <ClInclude Include="include\EngineUtilities\Memory\TWeakPointer.h">
      <Filter>Include\EngineUtilities\Memory</Filter>
    </ClInclude>
    <ClInclude Include="include\EngineUtilities\Structures\TArray.h">
      <Filter>Include\EngineUtilities\Structures</Filter>
    </ClInclude>
    <ClInclude Include="include\EngineUtilities\Structures\TMap.h">
      <Filter>Include\EngineUtilities\Structures</Filter>
    </ClInclude>
    <ClInclude Include="include\EngineUtilities\Structures\TPair.h">
      <Filter>Include\EngineUtilities\Structures</Filter>
    </ClInclude>
    <ClInclude Include="include\EngineUtilities\Structures\TSet.h">
      <Filter>Include\EngineUtilities\Structures</Filter>
    </ClInclude>
    <ClInclude Include="include\buffer.h">
      <Filter>Include\EngineUtilities\Structures</Filter>
    </ClInclude>
    <ClInclude Include="include\EngineUtilities\Utilities\EngineMath.h">
      <Filter>Include\EngineUtilities\Utilities</Filter>
    </ClInclude>
    <ClInclude Include="include\EngineUtilities\Vectors\Quaternion.h">
      <Filter>Include\EngineUtilities\Vectors</Filter>
    </ClInclude>
    <ClInclude Include="include\EngineUtilities\Vectors\Vector2.h">
      <Filter>Include\EngineUtilities\Vectors</Filter>
    </ClInclude>
    <ClInclude Include="include\EngineUtilities\Vectors\Vector3.h">
      <Filter>Include\EngineUtilities\Vectors</Filter>
    </ClInclude>
    <ClInclude Include="include\EngineUtilities\Vectors\Vector4.h">
      <Filter>Include\EngineUtilities\Vectors</Filter>
    </ClInclude>
  </ItemGroup>
</Project>